// !$*UTF8*$!
{
	archiveVersion = 1;
	classes = {
	};
	objectVersion = 46;
	objects = {

/* Begin PBXBuildFile section */
		CF335EEB1EABC79D0087F261 /* main.cpp in Sources */ = {isa = PBXBuildFile; fileRef = CF335EEA1EABC79D0087F261 /* main.cpp */; };
		CF335EF51EABC7B80087F261 /* Cocoa.framework in Frameworks */ = {isa = PBXBuildFile; fileRef = CF335EF21EABC7B80087F261 /* Cocoa.framework */; };
		CF335EF61EABC7B80087F261 /* GLUT.framework in Frameworks */ = {isa = PBXBuildFile; fileRef = CF335EF31EABC7B80087F261 /* GLUT.framework */; };
		CF335EF71EABC7B80087F261 /* OpenGL.framework in Frameworks */ = {isa = PBXBuildFile; fileRef = CF335EF41EABC7B80087F261 /* OpenGL.framework */; };
		CF335F1F1EAD1DA70087F261 /* polygon.cpp in Sources */ = {isa = PBXBuildFile; fileRef = CF335F1C1EAD1DA70087F261 /* polygon.cpp */; };
		CF335F201EAD1DA70087F261 /* polygon_test.cpp in Sources */ = {isa = PBXBuildFile; fileRef = CF335F1E1EAD1DA70087F261 /* polygon_test.cpp */; };
		CF335F241EAEDE570087F261 /* ConvexHull.cpp in Sources */ = {isa = PBXBuildFile; fileRef = CF335F221EAEDE570087F261 /* ConvexHull.cpp */; };
		CF335F251EAEE3D70087F261 /* gtest.framework in Frameworks */ = {isa = PBXBuildFile; fileRef = CF335F121EABDFA70087F261 /* gtest.framework */; };
/* End PBXBuildFile section */

/* Begin PBXCopyFilesBuildPhase section */
		CF335EE51EABC79D0087F261 /* CopyFiles */ = {
			isa = PBXCopyFilesBuildPhase;
			buildActionMask = 2147483647;
			dstPath = /usr/share/man/man1/;
			dstSubfolderSpec = 0;
			files = (
			);
			runOnlyForDeploymentPostprocessing = 1;
		};
/* End PBXCopyFilesBuildPhase section */

/* Begin PBXFileReference section */
		CF335EE71EABC79D0087F261 /* geometry_library */ = {isa = PBXFileReference; explicitFileType = "compiled.mach-o.executable"; includeInIndex = 0; path = geometry_library; sourceTree = BUILT_PRODUCTS_DIR; };
		CF335EEA1EABC79D0087F261 /* main.cpp */ = {isa = PBXFileReference; lastKnownFileType = sourcecode.cpp.cpp; path = main.cpp; sourceTree = "<group>"; };
		CF335EF21EABC7B80087F261 /* Cocoa.framework */ = {isa = PBXFileReference; lastKnownFileType = wrapper.framework; name = Cocoa.framework; path = System/Library/Frameworks/Cocoa.framework; sourceTree = SDKROOT; };
		CF335EF31EABC7B80087F261 /* GLUT.framework */ = {isa = PBXFileReference; lastKnownFileType = wrapper.framework; name = GLUT.framework; path = System/Library/Frameworks/GLUT.framework; sourceTree = SDKROOT; };
		CF335EF41EABC7B80087F261 /* OpenGL.framework */ = {isa = PBXFileReference; lastKnownFileType = wrapper.framework; name = OpenGL.framework; path = System/Library/Frameworks/OpenGL.framework; sourceTree = SDKROOT; };
		CF335EF91EABC80D0087F261 /* Geomheader.h */ = {isa = PBXFileReference; fileEncoding = 4; lastKnownFileType = sourcecode.c.h; path = Geomheader.h; sourceTree = "<group>"; };
		CF335EFA1EABC80D0087F261 /* Vec2.h */ = {isa = PBXFileReference; fileEncoding = 4; lastKnownFileType = sourcecode.c.h; path = Vec2.h; sourceTree = "<group>"; };
		CF335EFB1EABC80D0087F261 /* Vec3.h */ = {isa = PBXFileReference; fileEncoding = 4; lastKnownFileType = sourcecode.c.h; path = Vec3.h; sourceTree = "<group>"; };
		CF335F011EABD8960087F261 /* .localized */ = {isa = PBXFileReference; lastKnownFileType = text; path = .localized; sourceTree = "<group>"; };
		CF335F031EABD8960087F261 /* test2.m */ = {isa = PBXFileReference; lastKnownFileType = sourcecode.c.objc; path = test2.m; sourceTree = "<group>"; };
		CF335F041EABD8960087F261 /* Practical_Electronics_for_Inventors.pdf */ = {isa = PBXFileReference; lastKnownFileType = image.pdf; path = Practical_Electronics_for_Inventors.pdf; sourceTree = "<group>"; };
		CF335F051EABD8960087F261 /* uddipanmukherjee.p12 */ = {isa = PBXFileReference; lastKnownFileType = file; path = uddipanmukherjee.p12; sourceTree = "<group>"; };
		CF335F061EABD8E20087F261 /* gtest.framework */ = {isa = PBXFileReference; lastKnownFileType = wrapper.framework; name = gtest.framework; path = ../../../Library/Frameworks/gtest.framework; sourceTree = "<group>"; };
		CF335F0D1EABDEFF0087F261 /* .localized */ = {isa = PBXFileReference; lastKnownFileType = text; path = .localized; sourceTree = "<group>"; };
		CF335F0F1EABDEFF0087F261 /* test2.m */ = {isa = PBXFileReference; lastKnownFileType = sourcecode.c.objc; path = test2.m; sourceTree = "<group>"; };
		CF335F101EABDEFF0087F261 /* Practical_Electronics_for_Inventors.pdf */ = {isa = PBXFileReference; lastKnownFileType = image.pdf; path = Practical_Electronics_for_Inventors.pdf; sourceTree = "<group>"; };
		CF335F111EABDEFF0087F261 /* uddipanmukherjee.p12 */ = {isa = PBXFileReference; lastKnownFileType = file; path = uddipanmukherjee.p12; sourceTree = "<group>"; };
		CF335F121EABDFA70087F261 /* gtest.framework */ = {isa = PBXFileReference; lastKnownFileType = wrapper.framework; name = gtest.framework; path = ../../gtest/gtest.framework; sourceTree = "<group>"; };
		CF335F1C1EAD1DA70087F261 /* polygon.cpp */ = {isa = PBXFileReference; fileEncoding = 4; lastKnownFileType = sourcecode.cpp.cpp; path = polygon.cpp; sourceTree = "<group>"; };
		CF335F1D1EAD1DA70087F261 /* polygon.hpp */ = {isa = PBXFileReference; fileEncoding = 4; lastKnownFileType = sourcecode.cpp.h; path = polygon.hpp; sourceTree = "<group>"; };
		CF335F1E1EAD1DA70087F261 /* polygon_test.cpp */ = {isa = PBXFileReference; fileEncoding = 4; lastKnownFileType = sourcecode.cpp.cpp; path = polygon_test.cpp; sourceTree = "<group>"; };
		CF335F221EAEDE570087F261 /* ConvexHull.cpp */ = {isa = PBXFileReference; fileEncoding = 4; lastKnownFileType = sourcecode.cpp.cpp; path = ConvexHull.cpp; sourceTree = "<group>"; };
		CF335F231EAEDE570087F261 /* ConvexHull.hpp */ = {isa = PBXFileReference; fileEncoding = 4; lastKnownFileType = sourcecode.cpp.h; path = ConvexHull.hpp; sourceTree = "<group>"; };
/* End PBXFileReference section */

/* Begin PBXFrameworksBuildPhase section */
		CF335EE41EABC79D0087F261 /* Frameworks */ = {
			isa = PBXFrameworksBuildPhase;
			buildActionMask = 2147483647;
			files = (
				CF335F251EAEE3D70087F261 /* gtest.framework in Frameworks */,
				CF335EF51EABC7B80087F261 /* Cocoa.framework in Frameworks */,
				CF335EF61EABC7B80087F261 /* GLUT.framework in Frameworks */,
				CF335EF71EABC7B80087F261 /* OpenGL.framework in Frameworks */,
			);
			runOnlyForDeploymentPostprocessing = 0;
		};
/* End PBXFrameworksBuildPhase section */

/* Begin PBXGroup section */
		CF335EDE1EABC79D0087F261 = {
			isa = PBXGroup;
			children = (
				CF335EE91EABC79D0087F261 /* geometry_library */,
				CF335EE81EABC79D0087F261 /* Products */,
				CF335EF11EABC7B70087F261 /* Frameworks */,
			);
			sourceTree = "<group>";
		};
		CF335EE81EABC79D0087F261 /* Products */ = {
			isa = PBXGroup;
			children = (
				CF335EE71EABC79D0087F261 /* geometry_library */,
			);
			name = Products;
			sourceTree = "<group>";
		};
		CF335EE91EABC79D0087F261 /* geometry_library */ = {
			isa = PBXGroup;
			children = (
				CF335F211EAEDE570087F261 /* ConvexHull */,
				CF335F1B1EAD1DA70087F261 /* polygon */,
				CF335EF81EABC80D0087F261 /* include */,
				CF335EEA1EABC79D0087F261 /* main.cpp */,
			);
			path = geometry_library;
			sourceTree = "<group>";
		};
		CF335EF11EABC7B70087F261 /* Frameworks */ = {
			isa = PBXGroup;
			children = (
				CF335F121EABDFA70087F261 /* gtest.framework */,
				CF335F0C1EABDEFF0087F261 /* Documents */,
				CF335F061EABD8E20087F261 /* gtest.framework */,
				CF335F001EABD8960087F261 /* Documents */,
				CF335EF21EABC7B80087F261 /* Cocoa.framework */,
				CF335EF31EABC7B80087F261 /* GLUT.framework */,
				CF335EF41EABC7B80087F261 /* OpenGL.framework */,
			);
			name = Frameworks;
			sourceTree = "<group>";
		};
		CF335EF81EABC80D0087F261 /* include */ = {
			isa = PBXGroup;
			children = (
				CF335EF91EABC80D0087F261 /* Geomheader.h */,
				CF335EFA1EABC80D0087F261 /* Vec2.h */,
				CF335EFB1EABC80D0087F261 /* Vec3.h */,
			);
			path = include;
			sourceTree = "<group>";
		};
		CF335F001EABD8960087F261 /* Documents */ = {
			isa = PBXGroup;
			children = (
				CF335F011EABD8960087F261 /* .localized */,
				CF335F021EABD8960087F261 /* MATLAB */,
				CF335F041EABD8960087F261 /* Practical_Electronics_for_Inventors.pdf */,
				CF335F051EABD8960087F261 /* uddipanmukherjee.p12 */,
			);
			name = Documents;
			path = ../../../Users/uddipan/Documents;
			sourceTree = "<group>";
		};
		CF335F021EABD8960087F261 /* MATLAB */ = {
			isa = PBXGroup;
			children = (
				CF335F031EABD8960087F261 /* test2.m */,
			);
			path = MATLAB;
			sourceTree = "<group>";
		};
		CF335F0C1EABDEFF0087F261 /* Documents */ = {
			isa = PBXGroup;
			children = (
				CF335F0D1EABDEFF0087F261 /* .localized */,
				CF335F0E1EABDEFF0087F261 /* MATLAB */,
				CF335F101EABDEFF0087F261 /* Practical_Electronics_for_Inventors.pdf */,
				CF335F111EABDEFF0087F261 /* uddipanmukherjee.p12 */,
			);
			name = Documents;
			path = ../../../Users/uddipan/Documents;
			sourceTree = "<group>";
		};
		CF335F0E1EABDEFF0087F261 /* MATLAB */ = {
			isa = PBXGroup;
			children = (
				CF335F0F1EABDEFF0087F261 /* test2.m */,
			);
			path = MATLAB;
			sourceTree = "<group>";
		};
		CF335F1B1EAD1DA70087F261 /* polygon */ = {
			isa = PBXGroup;
			children = (
				CF335F1C1EAD1DA70087F261 /* polygon.cpp */,
				CF335F1D1EAD1DA70087F261 /* polygon.hpp */,
				CF335F1E1EAD1DA70087F261 /* polygon_test.cpp */,
			);
			path = polygon;
			sourceTree = "<group>";
		};
		CF335F211EAEDE570087F261 /* ConvexHull */ = {
			isa = PBXGroup;
			children = (
				CF335F221EAEDE570087F261 /* ConvexHull.cpp */,
				CF335F231EAEDE570087F261 /* ConvexHull.hpp */,
			);
			path = ConvexHull;
			sourceTree = "<group>";
		};
/* End PBXGroup section */

/* Begin PBXNativeTarget section */
		CF335EE61EABC79D0087F261 /* geometry_library */ = {
			isa = PBXNativeTarget;
			buildConfigurationList = CF335EEE1EABC79D0087F261 /* Build configuration list for PBXNativeTarget "geometry_library" */;
			buildPhases = (
				CF335EE31EABC79D0087F261 /* Sources */,
				CF335EE41EABC79D0087F261 /* Frameworks */,
				CF335EE51EABC79D0087F261 /* CopyFiles */,
			);
			buildRules = (
			);
			dependencies = (
			);
			name = geometry_library;
			productName = geometry_library;
			productReference = CF335EE71EABC79D0087F261 /* geometry_library */;
			productType = "com.apple.product-type.tool";
		};
/* End PBXNativeTarget section */

/* Begin PBXProject section */
		CF335EDF1EABC79D0087F261 /* Project object */ = {
			isa = PBXProject;
			attributes = {
				LastUpgradeCheck = 0820;
				ORGANIZATIONNAME = "uddipan mukherjee";
				TargetAttributes = {
					CF335EE61EABC79D0087F261 = {
						CreatedOnToolsVersion = 8.2;
						ProvisioningStyle = Automatic;
					};
				};
			};
			buildConfigurationList = CF335EE21EABC79D0087F261 /* Build configuration list for PBXProject "geometry_library" */;
			compatibilityVersion = "Xcode 3.2";
			developmentRegion = English;
			hasScannedForEncodings = 0;
			knownRegions = (
				en,
			);
			mainGroup = CF335EDE1EABC79D0087F261;
			productRefGroup = CF335EE81EABC79D0087F261 /* Products */;
			projectDirPath = "";
			projectRoot = "";
			targets = (
				CF335EE61EABC79D0087F261 /* geometry_library */,
			);
		};
/* End PBXProject section */

/* Begin PBXSourcesBuildPhase section */
		CF335EE31EABC79D0087F261 /* Sources */ = {
			isa = PBXSourcesBuildPhase;
			buildActionMask = 2147483647;
			files = (
				CF335F1F1EAD1DA70087F261 /* polygon.cpp in Sources */,
				CF335F201EAD1DA70087F261 /* polygon_test.cpp in Sources */,
				CF335EEB1EABC79D0087F261 /* main.cpp in Sources */,
				CF335F241EAEDE570087F261 /* ConvexHull.cpp in Sources */,
			);
			runOnlyForDeploymentPostprocessing = 0;
		};
/* End PBXSourcesBuildPhase section */

/* Begin XCBuildConfiguration section */
		CF335EEC1EABC79D0087F261 /* Debug */ = {
			isa = XCBuildConfiguration;
			buildSettings = {
				ALWAYS_SEARCH_USER_PATHS = NO;
				CLANG_ANALYZER_NONNULL = YES;
				CLANG_CXX_LANGUAGE_STANDARD = "gnu++0x";
				CLANG_CXX_LIBRARY = "libc++";
				CLANG_ENABLE_MODULES = YES;
				CLANG_ENABLE_OBJC_ARC = YES;
				CLANG_WARN_BOOL_CONVERSION = YES;
				CLANG_WARN_CONSTANT_CONVERSION = YES;
				CLANG_WARN_DIRECT_OBJC_ISA_USAGE = YES_ERROR;
				CLANG_WARN_DOCUMENTATION_COMMENTS = YES;
				CLANG_WARN_EMPTY_BODY = YES;
				CLANG_WARN_ENUM_CONVERSION = YES;
				CLANG_WARN_INFINITE_RECURSION = YES;
				CLANG_WARN_INT_CONVERSION = YES;
				CLANG_WARN_OBJC_ROOT_CLASS = YES_ERROR;
				CLANG_WARN_SUSPICIOUS_MOVE = YES;
				CLANG_WARN_UNREACHABLE_CODE = YES;
				CLANG_WARN__DUPLICATE_METHOD_MATCH = YES;
				CODE_SIGN_IDENTITY = "-";
				COPY_PHASE_STRIP = NO;
				DEBUG_INFORMATION_FORMAT = dwarf;
				ENABLE_STRICT_OBJC_MSGSEND = YES;
				ENABLE_TESTABILITY = YES;
				GCC_C_LANGUAGE_STANDARD = gnu99;
				GCC_DYNAMIC_NO_PIC = NO;
				GCC_NO_COMMON_BLOCKS = YES;
				GCC_OPTIMIZATION_LEVEL = 0;
				GCC_PREPROCESSOR_DEFINITIONS = (
					"DEBUG=1",
					"$(inherited)",
				);
				GCC_WARN_64_TO_32_BIT_CONVERSION = YES;
				GCC_WARN_ABOUT_RETURN_TYPE = YES_ERROR;
				GCC_WARN_UNDECLARED_SELECTOR = YES;
				GCC_WARN_UNINITIALIZED_AUTOS = YES_AGGRESSIVE;
				GCC_WARN_UNUSED_FUNCTION = YES;
				GCC_WARN_UNUSED_VARIABLE = YES;
				MACOSX_DEPLOYMENT_TARGET = 10.12;
				MTL_ENABLE_DEBUG_INFO = YES;
				ONLY_ACTIVE_ARCH = YES;
				SDKROOT = macosx;
			};
			name = Debug;
		};
		CF335EED1EABC79D0087F261 /* Release */ = {
			isa = XCBuildConfiguration;
			buildSettings = {
				ALWAYS_SEARCH_USER_PATHS = NO;
				CLANG_ANALYZER_NONNULL = YES;
				CLANG_CXX_LANGUAGE_STANDARD = "gnu++0x";
				CLANG_CXX_LIBRARY = "libc++";
				CLANG_ENABLE_MODULES = YES;
				CLANG_ENABLE_OBJC_ARC = YES;
				CLANG_WARN_BOOL_CONVERSION = YES;
				CLANG_WARN_CONSTANT_CONVERSION = YES;
				CLANG_WARN_DIRECT_OBJC_ISA_USAGE = YES_ERROR;
				CLANG_WARN_DOCUMENTATION_COMMENTS = YES;
				CLANG_WARN_EMPTY_BODY = YES;
				CLANG_WARN_ENUM_CONVERSION = YES;
				CLANG_WARN_INFINITE_RECURSION = YES;
				CLANG_WARN_INT_CONVERSION = YES;
				CLANG_WARN_OBJC_ROOT_CLASS = YES_ERROR;
				CLANG_WARN_SUSPICIOUS_MOVE = YES;
				CLANG_WARN_UNREACHABLE_CODE = YES;
				CLANG_WARN__DUPLICATE_METHOD_MATCH = YES;
				CODE_SIGN_IDENTITY = "-";
				COPY_PHASE_STRIP = NO;
				DEBUG_INFORMATION_FORMAT = "dwarf-with-dsym";
				ENABLE_NS_ASSERTIONS = NO;
				ENABLE_STRICT_OBJC_MSGSEND = YES;
				GCC_C_LANGUAGE_STANDARD = gnu99;
				GCC_NO_COMMON_BLOCKS = YES;
				GCC_WARN_64_TO_32_BIT_CONVERSION = YES;
				GCC_WARN_ABOUT_RETURN_TYPE = YES_ERROR;
				GCC_WARN_UNDECLARED_SELECTOR = YES;
				GCC_WARN_UNINITIALIZED_AUTOS = YES_AGGRESSIVE;
				GCC_WARN_UNUSED_FUNCTION = YES;
				GCC_WARN_UNUSED_VARIABLE = YES;
				MACOSX_DEPLOYMENT_TARGET = 10.12;
				MTL_ENABLE_DEBUG_INFO = NO;
				SDKROOT = macosx;
			};
			name = Release;
		};
		CF335EEF1EABC79D0087F261 /* Debug */ = {
			isa = XCBuildConfiguration;
			buildSettings = {
				CLANG_CXX_LANGUAGE_STANDARD = "c++0x";
				CLANG_CXX_LIBRARY = "libstdc++";
				FRAMEWORK_SEARCH_PATHS = (
					"$(inherited)",
					"$(LOCAL_LIBRARY_DIR)/Frameworks",
				);
				HEADER_SEARCH_PATHS = /academics/gtest/googletest/googletest/include;
				MACOSX_DEPLOYMENT_TARGET = 10.12;
				PRODUCT_NAME = "$(TARGET_NAME)";
			};
			name = Debug;
		};
		CF335EF01EABC79D0087F261 /* Release */ = {
			isa = XCBuildConfiguration;
			buildSettings = {
				CLANG_CXX_LANGUAGE_STANDARD = "c++0x";
				CLANG_CXX_LIBRARY = "libstdc++";
				ENABLE_TESTABILITY = YES;
				FRAMEWORK_SEARCH_PATHS = (
					"$(inherited)",
					"$(LOCAL_LIBRARY_DIR)/Frameworks",
				);
				HEADER_SEARCH_PATHS = /academics/gtest/googletest/googletest/include;
				MACOSX_DEPLOYMENT_TARGET = 10.12;
				PRODUCT_NAME = "$(TARGET_NAME)";
			};
			name = Release;
		};
/* End XCBuildConfiguration section */

/* Begin XCConfigurationList section */
		CF335EE21EABC79D0087F261 /* Build configuration list for PBXProject "geometry_library" */ = {
			isa = XCConfigurationList;
			buildConfigurations = (
				CF335EEC1EABC79D0087F261 /* Debug */,
				CF335EED1EABC79D0087F261 /* Release */,
			);
			defaultConfigurationIsVisible = 0;
			defaultConfigurationName = Release;
		};
		CF335EEE1EABC79D0087F261 /* Build configuration list for PBXNativeTarget "geometry_library" */ = {
			isa = XCConfigurationList;
			buildConfigurations = (
				CF335EEF1EABC79D0087F261 /* Debug */,
				CF335EF01EABC79D0087F261 /* Release */,
			);
			defaultConfigurationIsVisible = 0;
			defaultConfigurationName = Release;
		};
/* End XCConfigurationList section */
	};
	rootObject = CF335EDF1EABC79D0087F261 /* Project object */;
}
